
Microsoft Visual Studio Solution File, Format Version 12.00
# Visual Studio Version 16
VisualStudioVersion = 25.0.1700.0
MinimumVisualStudioVersion = 10.0.40219.1
Project("{FAE04EC0-301F-11D3-BF4B-00C04F79EFBC}") = "Xojo_Converter", "Xojo_Converter\Xojo_Converter.csproj", "{5830E457-2DAD-4961-878D-3ABECA48D51D}"
EndProject
Global
	GlobalSection(SolutionConfigurationPlatforms) = preSolution
		Debug|Any CPU = Debug|Any CPU
		Release|Any CPU = Release|Any CPU
	EndGlobalSection
	GlobalSection(ProjectConfigurationPlatforms) = postSolution
		{5830E457-2DAD-4961-878D-3ABECA48D51D}.Debug|Any CPU.ActiveCfg = Debug|Any CPU
		{5830E457-2DAD-4961-878D-3ABECA48D51D}.Debug|Any CPU.Build.0 = Debug|Any CPU
		{5830E457-2DAD-4961-878D-3ABECA48D51D}.Release|Any CPU.ActiveCfg = Release|Any CPU
		{5830E457-2DAD-4961-878D-3ABECA48D51D}.Release|Any CPU.Build.0 = Release|Any CPU
	EndGlobalSection
	GlobalSection(SolutionProperties) = preSolution
		HideSolutionNode = FALSE
	EndGlobalSection
	GlobalSection(ExtensibilityGlobals) = postSolution
		SolutionGuid = {75DC61A0-6E1B-4A88-B0D3-1EB1E7E4F8EA}
	EndGlobalSection
EndGlobal
